// !$*UTF8*$!
{
	archiveVersion = 1;
	classes = {
	};
	objectVersion = 48;
	objects = {

/* Begin PBXBuildFile section */
		ADB2FBBF1FF3220C00A9E1E3 /* AppDelegate.swift in Sources */ = {isa = PBXBuildFile; fileRef = ADB2FBBE1FF3220C00A9E1E3 /* AppDelegate.swift */; };
		ADB2FBC11FF3220C00A9E1E3 /* ViewController.swift in Sources */ = {isa = PBXBuildFile; fileRef = ADB2FBC01FF3220C00A9E1E3 /* ViewController.swift */; };
		ADB2FBC41FF3220C00A9E1E3 /* Main.storyboard in Resources */ = {isa = PBXBuildFile; fileRef = ADB2FBC21FF3220C00A9E1E3 /* Main.storyboard */; };
		ADB2FBC61FF3220C00A9E1E3 /* Assets.xcassets in Resources */ = {isa = PBXBuildFile; fileRef = ADB2FBC51FF3220C00A9E1E3 /* Assets.xcassets */; };
		ADB2FBC91FF3220C00A9E1E3 /* LaunchScreen.storyboard in Resources */ = {isa = PBXBuildFile; fileRef = ADB2FBC71FF3220C00A9E1E3 /* LaunchScreen.storyboard */; };
		ADB2FBD41FF3220C00A9E1E3 /* TipperTests.swift in Sources */ = {isa = PBXBuildFile; fileRef = ADB2FBD31FF3220C00A9E1E3 /* TipperTests.swift */; };
/* End PBXBuildFile section */

/* Begin PBXContainerItemProxy section */
		ADB2FBD01FF3220C00A9E1E3 /* PBXContainerItemProxy */ = {
			isa = PBXContainerItemProxy;
			containerPortal = ADB2FBB31FF3220C00A9E1E3 /* Project object */;
			proxyType = 1;
			remoteGlobalIDString = ADB2FBBA1FF3220C00A9E1E3;
			remoteInfo = Tipper;
		};
/* End PBXContainerItemProxy section */

/* Begin PBXFileReference section */
		ADB2FBBB1FF3220C00A9E1E3 /* Tipper.app */ = {isa = PBXFileReference; explicitFileType = wrapper.application; includeInIndex = 0; path = Tipper.app; sourceTree = BUILT_PRODUCTS_DIR; };
		ADB2FBBE1FF3220C00A9E1E3 /* AppDelegate.swift */ = {isa = PBXFileReference; lastKnownFileType = sourcecode.swift; path = AppDelegate.swift; sourceTree = "<group>"; };
		ADB2FBC01FF3220C00A9E1E3 /* ViewController.swift */ = {isa = PBXFileReference; lastKnownFileType = sourcecode.swift; path = ViewController.swift; sourceTree = "<group>"; };
		ADB2FBC31FF3220C00A9E1E3 /* Base */ = {isa = PBXFileReference; lastKnownFileType = file.storyboard; name = Base; path = Base.lproj/Main.storyboard; sourceTree = "<group>"; };
		ADB2FBC51FF3220C00A9E1E3 /* Assets.xcassets */ = {isa = PBXFileReference; lastKnownFileType = folder.assetcatalog; path = Assets.xcassets; sourceTree = "<group>"; };
		ADB2FBC81FF3220C00A9E1E3 /* Base */ = {isa = PBXFileReference; lastKnownFileType = file.storyboard; name = Base; path = Base.lproj/LaunchScreen.storyboard; sourceTree = "<group>"; };
		ADB2FBCA1FF3220C00A9E1E3 /* Info.plist */ = {isa = PBXFileReference; lastKnownFileType = text.plist.xml; path = Info.plist; sourceTree = "<group>"; };
		ADB2FBCF1FF3220C00A9E1E3 /* TipperTests.xctest */ = {isa = PBXFileReference; explicitFileType = wrapper.cfbundle; includeInIndex = 0; path = TipperTests.xctest; sourceTree = BUILT_PRODUCTS_DIR; };
		ADB2FBD31FF3220C00A9E1E3 /* TipperTests.swift */ = {isa = PBXFileReference; lastKnownFileType = sourcecode.swift; path = TipperTests.swift; sourceTree = "<group>"; };
		ADB2FBD51FF3220C00A9E1E3 /* Info.plist */ = {isa = PBXFileReference; lastKnownFileType = text.plist.xml; path = Info.plist; sourceTree = "<group>"; };
/* End PBXFileReference section */

/* Begin PBXFrameworksBuildPhase section */
		ADB2FBB81FF3220C00A9E1E3 /* Frameworks */ = {
			isa = PBXFrameworksBuildPhase;
			buildActionMask = 2147483647;
			files = (
			);
			runOnlyForDeploymentPostprocessing = 0;
		};
		ADB2FBCC1FF3220C00A9E1E3 /* Frameworks */ = {
			isa = PBXFrameworksBuildPhase;
			buildActionMask = 2147483647;
			files = (
			);
			runOnlyForDeploymentPostprocessing = 0;
		};
/* End PBXFrameworksBuildPhase section */

/* Begin PBXGroup section */
		ADB2FBB21FF3220C00A9E1E3 = {
			isa = PBXGroup;
			children = (
				ADB2FBBD1FF3220C00A9E1E3 /* Tipper */,
				ADB2FBD21FF3220C00A9E1E3 /* TipperTests */,
				ADB2FBBC1FF3220C00A9E1E3 /* Products */,
			);
			sourceTree = "<group>";
		};
		ADB2FBBC1FF3220C00A9E1E3 /* Products */ = {
			isa = PBXGroup;
			children = (
				ADB2FBBB1FF3220C00A9E1E3 /* Tipper.app */,
				ADB2FBCF1FF3220C00A9E1E3 /* TipperTests.xctest */,
			);
			name = Products;
			sourceTree = "<group>";
		};
		ADB2FBBD1FF3220C00A9E1E3 /* Tipper */ = {
			isa = PBXGroup;
			children = (
				ADB2FBBE1FF3220C00A9E1E3 /* AppDelegate.swift */,
				ADB2FBC01FF3220C00A9E1E3 /* ViewController.swift */,
				ADB2FBC21FF3220C00A9E1E3 /* Main.storyboard */,
				ADB2FBC51FF3220C00A9E1E3 /* Assets.xcassets */,
				ADB2FBC71FF3220C00A9E1E3 /* LaunchScreen.storyboard */,
				ADB2FBCA1FF3220C00A9E1E3 /* Info.plist */,
			);
			path = Tipper;
			sourceTree = "<group>";
		};
		ADB2FBD21FF3220C00A9E1E3 /* TipperTests */ = {
			isa = PBXGroup;
			children = (
				ADB2FBD31FF3220C00A9E1E3 /* TipperTests.swift */,
				ADB2FBD51FF3220C00A9E1E3 /* Info.plist */,
			);
			path = TipperTests;
			sourceTree = "<group>";
		};
/* End PBXGroup section */

/* Begin PBXNativeTarget section */
		ADB2FBBA1FF3220C00A9E1E3 /* Tipper */ = {
			isa = PBXNativeTarget;
			buildConfigurationList = ADB2FBD81FF3220C00A9E1E3 /* Build configuration list for PBXNativeTarget "Tipper" */;
			buildPhases = (
				ADB2FBB71FF3220C00A9E1E3 /* Sources */,
				ADB2FBB81FF3220C00A9E1E3 /* Frameworks */,
				ADB2FBB91FF3220C00A9E1E3 /* Resources */,
			);
			buildRules = (
			);
			dependencies = (
			);
			name = Tipper;
			productName = Tipper;
			productReference = ADB2FBBB1FF3220C00A9E1E3 /* Tipper.app */;
			productType = "com.apple.product-type.application";
		};
		ADB2FBCE1FF3220C00A9E1E3 /* TipperTests */ = {
			isa = PBXNativeTarget;
			buildConfigurationList = ADB2FBDB1FF3220C00A9E1E3 /* Build configuration list for PBXNativeTarget "TipperTests" */;
			buildPhases = (
				ADB2FBCB1FF3220C00A9E1E3 /* Sources */,
				ADB2FBCC1FF3220C00A9E1E3 /* Frameworks */,
				ADB2FBCD1FF3220C00A9E1E3 /* Resources */,
			);
			buildRules = (
			);
			dependencies = (
				ADB2FBD11FF3220C00A9E1E3 /* PBXTargetDependency */,
			);
			name = TipperTests;
			productName = TipperTests;
			productReference = ADB2FBCF1FF3220C00A9E1E3 /* TipperTests.xctest */;
			productType = "com.apple.product-type.bundle.unit-test";
		};
/* End PBXNativeTarget section */

/* Begin PBXProject section */
		ADB2FBB31FF3220C00A9E1E3 /* Project object */ = {
			isa = PBXProject;
			attributes = {
				LastSwiftUpdateCheck = 0920;
				LastUpgradeCheck = 0920;
				ORGANIZATIONNAME = "Steven Natalius";
				TargetAttributes = {
					ADB2FBBA1FF3220C00A9E1E3 = {
						CreatedOnToolsVersion = 9.2;
						ProvisioningStyle = Automatic;
					};
					ADB2FBCE1FF3220C00A9E1E3 = {
						CreatedOnToolsVersion = 9.2;
						ProvisioningStyle = Automatic;
						TestTargetID = ADB2FBBA1FF3220C00A9E1E3;
					};
				};
			};
			buildConfigurationList = ADB2FBB61FF3220C00A9E1E3 /* Build configuration list for PBXProject "Tipper" */;
			compatibilityVersion = "Xcode 8.0";
			developmentRegion = en;
			hasScannedForEncodings = 0;
			knownRegions = (
				en,
				Base,
			);
			mainGroup = ADB2FBB21FF3220C00A9E1E3;
			productRefGroup = ADB2FBBC1FF3220C00A9E1E3 /* Products */;
			projectDirPath = "";
			projectRoot = "";
			targets = (
				ADB2FBBA1FF3220C00A9E1E3 /* Tipper */,
				ADB2FBCE1FF3220C00A9E1E3 /* TipperTests */,
			);
		};
/* End PBXProject section */

/* Begin PBXResourcesBuildPhase section */
		ADB2FBB91FF3220C00A9E1E3 /* Resources */ = {
			isa = PBXResourcesBuildPhase;
			buildActionMask = 2147483647;
			files = (
				ADB2FBC91FF3220C00A9E1E3 /* LaunchScreen.storyboard in Resources */,
				ADB2FBC61FF3220C00A9E1E3 /* Assets.xcassets in Resources */,
				ADB2FBC41FF3220C00A9E1E3 /* Main.storyboard in Resources */,
			);
			runOnlyForDeploymentPostprocessing = 0;
		};
		ADB2FBCD1FF3220C00A9E1E3 /* Resources */ = {
			isa = PBXResourcesBuildPhase;
			buildActionMask = 2147483647;
			files = (
			);
			runOnlyForDeploymentPostprocessing = 0;
		};
/* End PBXResourcesBuildPhase section */

/* Begin PBXSourcesBuildPhase section */
		ADB2FBB71FF3220C00A9E1E3 /* Sources */ = {
			isa = PBXSourcesBuildPhase;
			buildActionMask = 2147483647;
			files = (
				ADB2FBC11FF3220C00A9E1E3 /* ViewController.swift in Sources */,
				ADB2FBBF1FF3220C00A9E1E3 /* AppDelegate.swift in Sources */,
			);
			runOnlyForDeploymentPostprocessing = 0;
		};
		ADB2FBCB1FF3220C00A9E1E3 /* Sources */ = {
			isa = PBXSourcesBuildPhase;
			buildActionMask = 2147483647;
			files = (
				ADB2FBD41FF3220C00A9E1E3 /* TipperTests.swift in Sources */,
			);
			runOnlyForDeploymentPostprocessing = 0;
		};
/* End PBXSourcesBuildPhase section */

/* Begin PBXTargetDependency section */
		ADB2FBD11FF3220C00A9E1E3 /* PBXTargetDependency */ = {
			isa = PBXTargetDependency;
			target = ADB2FBBA1FF3220C00A9E1E3 /* Tipper */;
			targetProxy = ADB2FBD01FF3220C00A9E1E3 /* PBXContainerItemProxy */;
		};
/* End PBXTargetDependency section */

/* Begin PBXVariantGroup section */
		ADB2FBC21FF3220C00A9E1E3 /* Main.storyboard */ = {
			isa = PBXVariantGroup;
			children = (
				ADB2FBC31FF3220C00A9E1E3 /* Base */,
			);
			name = Main.storyboard;
			sourceTree = "<group>";
		};
		ADB2FBC71FF3220C00A9E1E3 /* LaunchScreen.storyboard */ = {
			isa = PBXVariantGroup;
			children = (
				ADB2FBC81FF3220C00A9E1E3 /* Base */,
			);
			name = LaunchScreen.storyboard;
			sourceTree = "<group>";
		};
/* End PBXVariantGroup section */

/* Begin XCBuildConfiguration section */
		ADB2FBD61FF3220C00A9E1E3 /* Debug */ = {
			isa = XCBuildConfiguration;
			buildSettings = {
				ALWAYS_SEARCH_USER_PATHS = NO;
				CLANG_ANALYZER_NONNULL = YES;
				CLANG_ANALYZER_NUMBER_OBJECT_CONVERSION = YES_AGGRESSIVE;
				CLANG_CXX_LANGUAGE_STANDARD = "gnu++14";
				CLANG_CXX_LIBRARY = "libc++";
				CLANG_ENABLE_MODULES = YES;
				CLANG_ENABLE_OBJC_ARC = YES;
				CLANG_WARN_BLOCK_CAPTURE_AUTORELEASING = YES;
				CLANG_WARN_BOOL_CONVERSION = YES;
				CLANG_WARN_COMMA = YES;
				CLANG_WARN_CONSTANT_CONVERSION = YES;
				CLANG_WARN_DIRECT_OBJC_ISA_USAGE = YES_ERROR;
				CLANG_WARN_DOCUMENTATION_COMMENTS = YES;
				CLANG_WARN_EMPTY_BODY = YES;
				CLANG_WARN_ENUM_CONVERSION = YES;
				CLANG_WARN_INFINITE_RECURSION = YES;
				CLANG_WARN_INT_CONVERSION = YES;
				CLANG_WARN_NON_LITERAL_NULL_CONVERSION = YES;
				CLANG_WARN_OBJC_LITERAL_CONVERSION = YES;
				CLANG_WARN_OBJC_ROOT_CLASS = YES_ERROR;
				CLANG_WARN_RANGE_LOOP_ANALYSIS = YES;
				CLANG_WARN_STRICT_PROTOTYPES = YES;
				CLANG_WARN_SUSPICIOUS_MOVE = YES;
				CLANG_WARN_UNGUARDED_AVAILABILITY = YES_AGGRESSIVE;
				CLANG_WARN_UNREACHABLE_CODE = YES;
				CLANG_WARN__DUPLICATE_METHOD_MATCH = YES;
				CODE_SIGN_IDENTITY = "iPhone Developer";
				COPY_PHASE_STRIP = NO;
				DEBUG_INFORMATION_FORMAT = dwarf;
				ENABLE_STRICT_OBJC_MSGSEND = YES;
				ENABLE_TESTABILITY = YES;
				GCC_C_LANGUAGE_STANDARD = gnu11;
				GCC_DYNAMIC_NO_PIC = NO;
				GCC_NO_COMMON_BLOCKS = YES;
				GCC_OPTIMIZATION_LEVEL = 0;
				GCC_PREPROCESSOR_DEFINITIONS = (
					"DEBUG=1",
					"$(inherited)",
				);
				GCC_WARN_64_TO_32_BIT_CONVERSION = YES;
				GCC_WARN_ABOUT_RETURN_TYPE = YES_ERROR;
				GCC_WARN_UNDECLARED_SELECTOR = YES;
				GCC_WARN_UNINITIALIZED_AUTOS = YES_AGGRESSIVE;
				GCC_WARN_UNUSED_FUNCTION = YES;
				GCC_WARN_UNUSED_VARIABLE = YES;
				IPHONEOS_DEPLOYMENT_TARGET = 11.2;
				MTL_ENABLE_DEBUG_INFO = YES;
				ONLY_ACTIVE_ARCH = YES;
				SDKROOT = iphoneos;
				SWIFT_ACTIVE_COMPILATION_CONDITIONS = DEBUG;
				SWIFT_OPTIMIZATION_LEVEL = "-Onone";
			};
			name = Debug;
		};
		ADB2FBD71FF3220C00A9E1E3 /* Release */ = {
			isa = XCBuildConfiguration;
			buildSettings = {
				ALWAYS_SEARCH_USER_PATHS = NO;
				CLANG_ANALYZER_NONNULL = YES;
				CLANG_ANALYZER_NUMBER_OBJECT_CONVERSION = YES_AGGRESSIVE;
				CLANG_CXX_LANGUAGE_STANDARD = "gnu++14";
				CLANG_CXX_LIBRARY = "libc++";
				CLANG_ENABLE_MODULES = YES;
				CLANG_ENABLE_OBJC_ARC = YES;
				CLANG_WARN_BLOCK_CAPTURE_AUTORELEASING = YES;
				CLANG_WARN_BOOL_CONVERSION = YES;
				CLANG_WARN_COMMA = YES;
				CLANG_WARN_CONSTANT_CONVERSION = YES;
				CLANG_WARN_DIRECT_OBJC_ISA_USAGE = YES_ERROR;
				CLANG_WARN_DOCUMENTATION_COMMENTS = YES;
				CLANG_WARN_EMPTY_BODY = YES;
				CLANG_WARN_ENUM_CONVERSION = YES;
				CLANG_WARN_INFINITE_RECURSION = YES;
				CLANG_WARN_INT_CONVERSION = YES;
				CLANG_WARN_NON_LITERAL_NULL_CONVERSION = YES;
				CLANG_WARN_OBJC_LITERAL_CONVERSION = YES;
				CLANG_WARN_OBJC_ROOT_CLASS = YES_ERROR;
				CLANG_WARN_RANGE_LOOP_ANALYSIS = YES;
				CLANG_WARN_STRICT_PROTOTYPES = YES;
				CLANG_WARN_SUSPICIOUS_MOVE = YES;
				CLANG_WARN_UNGUARDED_AVAILABILITY = YES_AGGRESSIVE;
				CLANG_WARN_UNREACHABLE_CODE = YES;
				CLANG_WARN__DUPLICATE_METHOD_MATCH = YES;
				CODE_SIGN_IDENTITY = "iPhone Developer";
				COPY_PHASE_STRIP = NO;
				DEBUG_INFORMATION_FORMAT = "dwarf-with-dsym";
				ENABLE_NS_ASSERTIONS = NO;
				ENABLE_STRICT_OBJC_MSGSEND = YES;
				GCC_C_LANGUAGE_STANDARD = gnu11;
				GCC_NO_COMMON_BLOCKS = YES;
				GCC_WARN_64_TO_32_BIT_CONVERSION = YES;
				GCC_WARN_ABOUT_RETURN_TYPE = YES_ERROR;
				GCC_WARN_UNDECLARED_SELECTOR = YES;
				GCC_WARN_UNINITIALIZED_AUTOS = YES_AGGRESSIVE;
				GCC_WARN_UNUSED_FUNCTION = YES;
				GCC_WARN_UNUSED_VARIABLE = YES;
				IPHONEOS_DEPLOYMENT_TARGET = 11.2;
				MTL_ENABLE_DEBUG_INFO = NO;
				SDKROOT = iphoneos;
				SWIFT_OPTIMIZATION_LEVEL = "-Owholemodule";
				VALIDATE_PRODUCT = YES;
			};
			name = Release;
		};
		ADB2FBD91FF3220C00A9E1E3 /* Debug */ = {
			isa = XCBuildConfiguration;
			buildSettings = {
				ASSETCATALOG_COMPILER_APPICON_NAME = AppIcon;
				CODE_SIGN_STYLE = Automatic;
				INFOPLIST_FILE = Tipper/Info.plist;
				LD_RUNPATH_SEARCH_PATHS = "$(inherited) @executable_path/Frameworks";
				PRODUCT_BUNDLE_IDENTIFIER = com.tracker.Tipper;
				PRODUCT_NAME = "$(TARGET_NAME)";
				SWIFT_VERSION = 4.0;
				TARGETED_DEVICE_FAMILY = "1,2";
			};
			name = Debug;
		};
		ADB2FBDA1FF3220C00A9E1E3 /* Release */ = {
			isa = XCBuildConfiguration;
			buildSettings = {
				ASSETCATALOG_COMPILER_APPICON_NAME = AppIcon;
				CODE_SIGN_STYLE = Automatic;
				INFOPLIST_FILE = Tipper/Info.plist;
				LD_RUNPATH_SEARCH_PATHS = "$(inherited) @executable_path/Frameworks";
				PRODUCT_BUNDLE_IDENTIFIER = com.tracker.Tipper;
				PRODUCT_NAME = "$(TARGET_NAME)";
				SWIFT_VERSION = 4.0;
				TARGETED_DEVICE_FAMILY = "1,2";
			};
			name = Release;
		};
		ADB2FBDC1FF3220C00A9E1E3 /* Debug */ = {
			isa = XCBuildConfiguration;
			buildSettings = {
				ALWAYS_EMBED_SWIFT_STANDARD_LIBRARIES = YES;
				BUNDLE_LOADER = "$(TEST_HOST)";
				CODE_SIGN_STYLE = Automatic;
				INFOPLIST_FILE = TipperTests/Info.plist;
				LD_RUNPATH_SEARCH_PATHS = "$(inherited) @executable_path/Frameworks @loader_path/Frameworks";
				PRODUCT_BUNDLE_IDENTIFIER = com.tracker.TipperTests;
				PRODUCT_NAME = "$(TARGET_NAME)";
				SWIFT_VERSION = 4.0;
				TARGETED_DEVICE_FAMILY = "1,2";
				TEST_HOST = "$(BUILT_PRODUCTS_DIR)/Tipper.app/Tipper";
			};
			name = Debug;
		};
		ADB2FBDD1FF3220C00A9E1E3 /* Release */ = {
			isa = XCBuildConfiguration;
			buildSettings = {
				ALWAYS_EMBED_SWIFT_STANDARD_LIBRARIES = YES;
				BUNDLE_LOADER = "$(TEST_HOST)";
				CODE_SIGN_STYLE = Automatic;
				INFOPLIST_FILE = TipperTests/Info.plist;
				LD_RUNPATH_SEARCH_PATHS = "$(inherited) @executable_path/Frameworks @loader_path/Frameworks";
				PRODUCT_BUNDLE_IDENTIFIER = com.tracker.TipperTests;
				PRODUCT_NAME = "$(TARGET_NAME)";
				SWIFT_VERSION = 4.0;
				TARGETED_DEVICE_FAMILY = "1,2";
				TEST_HOST = "$(BUILT_PRODUCTS_DIR)/Tipper.app/Tipper";
			};
			name = Release;
		};
/* End XCBuildConfiguration section */

/* Begin XCConfigurationList section */
		ADB2FBB61FF3220C00A9E1E3 /* Build configuration list for PBXProject "Tipper" */ = {
			isa = XCConfigurationList;
			buildConfigurations = (
				ADB2FBD61FF3220C00A9E1E3 /* Debug */,
				ADB2FBD71FF3220C00A9E1E3 /* Release */,
			);
			defaultConfigurationIsVisible = 0;
			defaultConfigurationName = Release;
		};
		ADB2FBD81FF3220C00A9E1E3 /* Build configuration list for PBXNativeTarget "Tipper" */ = {
			isa = XCConfigurationList;
			buildConfigurations = (
				ADB2FBD91FF3220C00A9E1E3 /* Debug */,
				ADB2FBDA1FF3220C00A9E1E3 /* Release */,
			);
			defaultConfigurationIsVisible = 0;
			defaultConfigurationName = Release;
		};
		ADB2FBDB1FF3220C00A9E1E3 /* Build configuration list for PBXNativeTarget "TipperTests" */ = {
			isa = XCConfigurationList;
			buildConfigurations = (
				ADB2FBDC1FF3220C00A9E1E3 /* Debug */,
				ADB2FBDD1FF3220C00A9E1E3 /* Release */,
			);
			defaultConfigurationIsVisible = 0;
			defaultConfigurationName = Release;
		};
/* End XCConfigurationList section */
	};
	rootObject = ADB2FBB31FF3220C00A9E1E3 /* Project object */;
}
